
Microsoft Visual Studio Solution File, Format Version 12.00
# Visual Studio Version 16
VisualStudioVersion = 16.0.30225.117
MinimumVisualStudioVersion = 10.0.40219.1
Project("{FAE04EC0-301F-11D3-BF4B-00C04F79EFBC}") = "ASPNetCore7721", "ASPNetCore7721\ASPNetCore7721.csproj", "{8DB5E5EC-F390-4B13-88C6-A9A7F50B8F19}"
EndProject
Global
	GlobalSection(SolutionConfigurationPlatforms) = preSolution
		Debug|Any CPU = Debug|Any CPU
		Release|Any CPU = Release|Any CPU
	EndGlobalSection
	GlobalSection(ProjectConfigurationPlatforms) = postSolution
		{8DB5E5EC-F390-4B13-88C6-A9A7F50B8F19}.Debug|Any CPU.ActiveCfg = Debug|Any CPU
		{8DB5E5EC-F390-4B13-88C6-A9A7F50B8F19}.Debug|Any CPU.Build.0 = Debug|Any CPU
		{8DB5E5EC-F390-4B13-88C6-A9A7F50B8F19}.Release|Any CPU.ActiveCfg = Release|Any CPU
		{8DB5E5EC-F390-4B13-88C6-A9A7F50B8F19}.Release|Any CPU.Build.0 = Release|Any CPU
	EndGlobalSection
	GlobalSection(SolutionProperties) = preSolution
		HideSolutionNode = FALSE
	EndGlobalSection
	GlobalSection(ExtensibilityGlobals) = postSolution
		SolutionGuid = {36119EFF-6AFE-4780-B688-3748CD5F0E70}
	EndGlobalSection
EndGlobal
